
Microsoft Visual Studio Solution File, Format Version 11.00
# Visual Studio 2010
Project("{FAE04EC0-301F-11D3-BF4B-00C04F79EFBC}") = "CrossWord", "CrossWord.csproj", "{9C44ABBD-8CBB-46B0-85FD-EFE9BBF24545}"
EndProject
Project("{FAE04EC0-301F-11D3-BF4B-00C04F79EFBC}") = "CrossWordTest", "CrossWordTest\CrossWordTest.csproj", "{45FE958D-7DA8-4041-9B87-88E70C502483}"
EndProject
Global
	GlobalSection(SolutionConfigurationPlatforms) = preSolution
		Debug|Any CPU = Debug|Any CPU
		Debug|Mixed Platforms = Debug|Mixed Platforms
		Debug|x86 = Debug|x86
		Release|Any CPU = Release|Any CPU
		Release|Mixed Platforms = Release|Mixed Platforms
		Release|x86 = Release|x86
	EndGlobalSection
	GlobalSection(ProjectConfigurationPlatforms) = postSolution
		{9C44ABBD-8CBB-46B0-85FD-EFE9BBF24545}.Debug|Any CPU.ActiveCfg = Debug|Any CPU
		{9C44ABBD-8CBB-46B0-85FD-EFE9BBF24545}.Debug|Any CPU.Build.0 = Debug|Any CPU
		{9C44ABBD-8CBB-46B0-85FD-EFE9BBF24545}.Debug|Mixed Platforms.ActiveCfg = Debug|Any CPU
		{9C44ABBD-8CBB-46B0-85FD-EFE9BBF24545}.Debug|Mixed Platforms.Build.0 = Debug|Any CPU
		{9C44ABBD-8CBB-46B0-85FD-EFE9BBF24545}.Debug|x86.ActiveCfg = Debug|Any CPU
		{9C44ABBD-8CBB-46B0-85FD-EFE9BBF24545}.Release|Any CPU.ActiveCfg = Release|Any CPU
		{9C44ABBD-8CBB-46B0-85FD-EFE9BBF24545}.Release|Any CPU.Build.0 = Release|Any CPU
		{9C44ABBD-8CBB-46B0-85FD-EFE9BBF24545}.Release|Mixed Platforms.ActiveCfg = Release|Any CPU
		{9C44ABBD-8CBB-46B0-85FD-EFE9BBF24545}.Release|Mixed Platforms.Build.0 = Release|Any CPU
		{9C44ABBD-8CBB-46B0-85FD-EFE9BBF24545}.Release|x86.ActiveCfg = Release|Any CPU
		{45FE958D-7DA8-4041-9B87-88E70C502483}.Debug|Any CPU.ActiveCfg = Debug|x86
		{45FE958D-7DA8-4041-9B87-88E70C502483}.Debug|Mixed Platforms.ActiveCfg = Debug|x86
		{45FE958D-7DA8-4041-9B87-88E70C502483}.Debug|Mixed Platforms.Build.0 = Debug|x86
		{45FE958D-7DA8-4041-9B87-88E70C502483}.Debug|x86.ActiveCfg = Debug|x86
		{45FE958D-7DA8-4041-9B87-88E70C502483}.Debug|x86.Build.0 = Debug|x86
		{45FE958D-7DA8-4041-9B87-88E70C502483}.Release|Any CPU.ActiveCfg = Release|x86
		{45FE958D-7DA8-4041-9B87-88E70C502483}.Release|Mixed Platforms.ActiveCfg = Release|x86
		{45FE958D-7DA8-4041-9B87-88E70C502483}.Release|Mixed Platforms.Build.0 = Release|x86
		{45FE958D-7DA8-4041-9B87-88E70C502483}.Release|x86.ActiveCfg = Release|x86
		{45FE958D-7DA8-4041-9B87-88E70C502483}.Release|x86.Build.0 = Release|x86
	EndGlobalSection
	GlobalSection(SolutionProperties) = preSolution
		HideSolutionNode = FALSE
	EndGlobalSection
EndGlobal
